
Microsoft Visual Studio Solution File, Format Version 12.00
# Visual Studio Version 17
VisualStudioVersion = 17.3.32922.545
MinimumVisualStudioVersion = 10.0.40219.1
Project("{2150E333-8FDC-42A3-9474-1A3956D46DE8}") = "QuickCalendar", "QuickCalendar", "{16154FEA-C693-4EE2-AD1E-F1D82FBA8B7D}"
EndProject
Project("{9A19103F-16F7-4668-BE54-9A1E7A4F7556}") = "QuickCalendar", "QuickCalendar\QuickCalendar.csproj", "{1920BB21-A916-465B-BB91-65A6B10DA210}"
EndProject
Project("{9A19103F-16F7-4668-BE54-9A1E7A4F7556}") = "QuickCalendar.Domain", "QuickCalendar.Domain\QuickCalendar.Domain.csproj", "{B9515A66-E4CC-4122-8841-9DB2C513C531}"
EndProject
Project("{9A19103F-16F7-4668-BE54-9A1E7A4F7556}") = "QuickCalendar.Domain.Tests", "QuickCalendar.Domain.Tests\QuickCalendar.Domain.Tests.csproj", "{187D8A48-4569-4E0C-A243-67FF07C9335B}"
EndProject
Project("{2150E333-8FDC-42A3-9474-1A3956D46DE8}") = ".code", ".code", "{59F6F7D5-96C6-4CDA-87D3-36EA9996D8E6}"
	ProjectSection(SolutionItems) = preProject
		.editorconfig = .editorconfig
		.gitignore = .gitignore
	EndProjectSection
EndProject
Project("{2150E333-8FDC-42A3-9474-1A3956D46DE8}") = ".docs", ".docs", "{A58687FA-7E4E-44F9-B8CE-48412D36312A}"
	ProjectSection(SolutionItems) = preProject
		LICENSE = LICENSE
		README.md = README.md
	EndProjectSection
EndProject
Project("{2150E333-8FDC-42A3-9474-1A3956D46DE8}") = "tests", "tests", "{09277E51-1C99-40F9-89AA-9F87303AC527}"
EndProject
Project("{2150E333-8FDC-42A3-9474-1A3956D46DE8}") = "src", "src", "{868DEAB2-F33A-4176-9225-7AB13FE3FFC4}"
EndProject
Project("{2150E333-8FDC-42A3-9474-1A3956D46DE8}") = "Toaster", "Toaster", "{0E9A6617-A953-4B9F-A1D8-F1E893BB9BC6}"
EndProject
Project("{2150E333-8FDC-42A3-9474-1A3956D46DE8}") = "src", "src", "{EDEF64A6-9648-44EE-B150-EA5B1F24E5CC}"
EndProject
Project("{2150E333-8FDC-42A3-9474-1A3956D46DE8}") = "tests", "tests", "{04B8AB6F-E252-4260-82DB-A29025479E75}"
EndProject
Project("{FAE04EC0-301F-11D3-BF4B-00C04F79EFBC}") = "Toaster", "Toaster\Toaster.csproj", "{10FF1F06-CC97-4B99-B2C5-B92D4CE5EEDB}"
EndProject
Project("{2150E333-8FDC-42A3-9474-1A3956D46DE8}") = ".build", ".build", "{02EA681E-C7D8-13C7-8484-4AC65E1B71E8}"
	ProjectSection(SolutionItems) = preProject
		.github\workflows\ci-build.yml = .github\workflows\ci-build.yml
	EndProjectSection
EndProject
Global
	GlobalSection(SolutionConfigurationPlatforms) = preSolution
		Debug|Any CPU = Debug|Any CPU
		Debug|x64 = Debug|x64
		Release|Any CPU = Release|Any CPU
		Release|x64 = Release|x64
	EndGlobalSection
	GlobalSection(ProjectConfigurationPlatforms) = postSolution
		{1920BB21-A916-465B-BB91-65A6B10DA210}.Debug|Any CPU.ActiveCfg = Debug|x64
		{1920BB21-A916-465B-BB91-65A6B10DA210}.Debug|Any CPU.Build.0 = Debug|x64
		{1920BB21-A916-465B-BB91-65A6B10DA210}.Debug|x64.ActiveCfg = Debug|x64
		{1920BB21-A916-465B-BB91-65A6B10DA210}.Debug|x64.Build.0 = Debug|x64
		{1920BB21-A916-465B-BB91-65A6B10DA210}.Release|Any CPU.ActiveCfg = Release|x64
		{1920BB21-A916-465B-BB91-65A6B10DA210}.Release|Any CPU.Build.0 = Release|x64
		{1920BB21-A916-465B-BB91-65A6B10DA210}.Release|x64.ActiveCfg = Release|x64
		{1920BB21-A916-465B-BB91-65A6B10DA210}.Release|x64.Build.0 = Release|x64
		{B9515A66-E4CC-4122-8841-9DB2C513C531}.Debug|Any CPU.ActiveCfg = Debug|x64
		{B9515A66-E4CC-4122-8841-9DB2C513C531}.Debug|Any CPU.Build.0 = Debug|x64
		{B9515A66-E4CC-4122-8841-9DB2C513C531}.Debug|x64.ActiveCfg = Debug|x64
		{B9515A66-E4CC-4122-8841-9DB2C513C531}.Debug|x64.Build.0 = Debug|x64
		{B9515A66-E4CC-4122-8841-9DB2C513C531}.Release|Any CPU.ActiveCfg = Release|x64
		{B9515A66-E4CC-4122-8841-9DB2C513C531}.Release|Any CPU.Build.0 = Release|x64
		{B9515A66-E4CC-4122-8841-9DB2C513C531}.Release|x64.ActiveCfg = Release|x64
		{B9515A66-E4CC-4122-8841-9DB2C513C531}.Release|x64.Build.0 = Release|x64
		{187D8A48-4569-4E0C-A243-67FF07C9335B}.Debug|Any CPU.ActiveCfg = Debug|x64
		{187D8A48-4569-4E0C-A243-67FF07C9335B}.Debug|Any CPU.Build.0 = Debug|x64
		{187D8A48-4569-4E0C-A243-67FF07C9335B}.Debug|x64.ActiveCfg = Debug|x64
		{187D8A48-4569-4E0C-A243-67FF07C9335B}.Debug|x64.Build.0 = Debug|x64
		{187D8A48-4569-4E0C-A243-67FF07C9335B}.Release|Any CPU.ActiveCfg = Release|x64
		{187D8A48-4569-4E0C-A243-67FF07C9335B}.Release|Any CPU.Build.0 = Release|x64
		{187D8A48-4569-4E0C-A243-67FF07C9335B}.Release|x64.ActiveCfg = Release|x64
		{187D8A48-4569-4E0C-A243-67FF07C9335B}.Release|x64.Build.0 = Release|x64
		{10FF1F06-CC97-4B99-B2C5-B92D4CE5EEDB}.Debug|Any CPU.ActiveCfg = Debug|Any CPU
		{10FF1F06-CC97-4B99-B2C5-B92D4CE5EEDB}.Debug|Any CPU.Build.0 = Debug|Any CPU
		{10FF1F06-CC97-4B99-B2C5-B92D4CE5EEDB}.Debug|x64.ActiveCfg = Debug|Any CPU
		{10FF1F06-CC97-4B99-B2C5-B92D4CE5EEDB}.Debug|x64.Build.0 = Debug|Any CPU
		{10FF1F06-CC97-4B99-B2C5-B92D4CE5EEDB}.Release|Any CPU.ActiveCfg = Release|Any CPU
		{10FF1F06-CC97-4B99-B2C5-B92D4CE5EEDB}.Release|Any CPU.Build.0 = Release|Any CPU
		{10FF1F06-CC97-4B99-B2C5-B92D4CE5EEDB}.Release|x64.ActiveCfg = Release|Any CPU
		{10FF1F06-CC97-4B99-B2C5-B92D4CE5EEDB}.Release|x64.Build.0 = Release|Any CPU
	EndGlobalSection
	GlobalSection(SolutionProperties) = preSolution
		HideSolutionNode = FALSE
	EndGlobalSection
	GlobalSection(NestedProjects) = preSolution
		{1920BB21-A916-465B-BB91-65A6B10DA210} = {868DEAB2-F33A-4176-9225-7AB13FE3FFC4}
		{B9515A66-E4CC-4122-8841-9DB2C513C531} = {868DEAB2-F33A-4176-9225-7AB13FE3FFC4}
		{187D8A48-4569-4E0C-A243-67FF07C9335B} = {09277E51-1C99-40F9-89AA-9F87303AC527}
		{09277E51-1C99-40F9-89AA-9F87303AC527} = {16154FEA-C693-4EE2-AD1E-F1D82FBA8B7D}
		{868DEAB2-F33A-4176-9225-7AB13FE3FFC4} = {16154FEA-C693-4EE2-AD1E-F1D82FBA8B7D}
		{EDEF64A6-9648-44EE-B150-EA5B1F24E5CC} = {0E9A6617-A953-4B9F-A1D8-F1E893BB9BC6}
		{04B8AB6F-E252-4260-82DB-A29025479E75} = {0E9A6617-A953-4B9F-A1D8-F1E893BB9BC6}
		{10FF1F06-CC97-4B99-B2C5-B92D4CE5EEDB} = {EDEF64A6-9648-44EE-B150-EA5B1F24E5CC}
	EndGlobalSection
	GlobalSection(ExtensibilityGlobals) = postSolution
		SolutionGuid = {2616A0C2-8AE9-4208-8E0B-6CCFE0D125B4}
	EndGlobalSection
EndGlobal
